
Microsoft Visual Studio Solution File, Format Version 12.00
# Visual Studio Version 17
VisualStudioVersion = 17.0.31903.59
MinimumVisualStudioVersion = 10.0.40219.1
Project("{FAE04EC0-301F-11D3-BF4B-00C04F79EFBC}") = "00_Basics", "00_Basics\00_Basics.csproj", "{73DC13E8-D4D9-4740-9B62-669905D2A4ED}"
EndProject
Project("{FAE04EC0-301F-11D3-BF4B-00C04F79EFBC}") = "00_Exercises", "00_Exercises\00_Exercises.csproj", "{B91EAAB0-D125-491D-B56A-023E1E67D85E}"
EndProject
Project("{FAE04EC0-301F-11D3-BF4B-00C04F79EFBC}") = "01_OOP", "01_OOP\01_OOP.csproj", "{426217BC-1C6A-4327-B095-DD77D254B6D0}"
EndProject
Project("{2150E333-8FDC-42A3-9474-1A3956D46DE8}") = "01_OOP", "01_OOP", "{4CC61C35-EDDF-4BA5-A11C-2E7543B3FBF7}"
EndProject
Project("{2150E333-8FDC-42A3-9474-1A3956D46DE8}") = "01_OOP_Excercises", "01_OOP_Excercises", "{27C1D474-A51A-4918-A03C-3A565180A166}"
EndProject
Project("{FAE04EC0-301F-11D3-BF4B-00C04F79EFBC}") = "01_Kontosystem", "01_OOP\01_OOP_Excercises\01_Kontosystem\01_Kontosystem.csproj", "{91D1F6B0-3B1A-476C-86A0-4FA056BCF5DD}"
EndProject
Project("{FAE04EC0-301F-11D3-BF4B-00C04F79EFBC}") = "03_Textadventure", "01_OOP\03_Textadventure\03_Textadventure.csproj", "{E8C5022B-9292-4D3A-94A5-FF8120BB3A97}"
EndProject
Project("{FAE04EC0-301F-11D3-BF4B-00C04F79EFBC}") = "02_Geometry", "01_OOP\01_OOP_Excercises\02_Geometry\02_Geometry.csproj", "{21CC12BB-1F15-4640-888E-6532440D79DD}"
EndProject
Project("{FAE04EC0-301F-11D3-BF4B-00C04F79EFBC}") = "03_ShoppingSale", "01_OOP\01_OOP_Excercises\03_ShoppingSale\03_ShoppingSale.csproj", "{15E4D4C6-678A-40B9-9494-F3C0863C22CB}"
EndProject
Project("{FAE04EC0-301F-11D3-BF4B-00C04F79EFBC}") = "04_CenterOfGravity", "01_OOP\01_OOP_Excercises\04_CenterOfGravity\04_CenterOfGravity.csproj", "{0815D2E0-6F93-4E09-BED0-ED0345A5CED9}"
EndProject
Project("{FAE04EC0-301F-11D3-BF4B-00C04F79EFBC}") = "05_ToDoManager", "01_OOP\01_OOP_Excercises\05_ToDoManager\05_ToDoManager.csproj", "{4AE5ED37-7416-4BE1-83A0-88DA60A9CF72}"
EndProject
Global
	GlobalSection(SolutionConfigurationPlatforms) = preSolution
		Debug|Any CPU = Debug|Any CPU
		Debug|x64 = Debug|x64
		Debug|x86 = Debug|x86
		Release|Any CPU = Release|Any CPU
		Release|x64 = Release|x64
		Release|x86 = Release|x86
	EndGlobalSection
	GlobalSection(ProjectConfigurationPlatforms) = postSolution
		{73DC13E8-D4D9-4740-9B62-669905D2A4ED}.Debug|Any CPU.ActiveCfg = Debug|Any CPU
		{73DC13E8-D4D9-4740-9B62-669905D2A4ED}.Debug|Any CPU.Build.0 = Debug|Any CPU
		{73DC13E8-D4D9-4740-9B62-669905D2A4ED}.Debug|x64.ActiveCfg = Debug|Any CPU
		{73DC13E8-D4D9-4740-9B62-669905D2A4ED}.Debug|x64.Build.0 = Debug|Any CPU
		{73DC13E8-D4D9-4740-9B62-669905D2A4ED}.Debug|x86.ActiveCfg = Debug|Any CPU
		{73DC13E8-D4D9-4740-9B62-669905D2A4ED}.Debug|x86.Build.0 = Debug|Any CPU
		{73DC13E8-D4D9-4740-9B62-669905D2A4ED}.Release|Any CPU.ActiveCfg = Release|Any CPU
		{73DC13E8-D4D9-4740-9B62-669905D2A4ED}.Release|Any CPU.Build.0 = Release|Any CPU
		{73DC13E8-D4D9-4740-9B62-669905D2A4ED}.Release|x64.ActiveCfg = Release|Any CPU
		{73DC13E8-D4D9-4740-9B62-669905D2A4ED}.Release|x64.Build.0 = Release|Any CPU
		{73DC13E8-D4D9-4740-9B62-669905D2A4ED}.Release|x86.ActiveCfg = Release|Any CPU
		{73DC13E8-D4D9-4740-9B62-669905D2A4ED}.Release|x86.Build.0 = Release|Any CPU
		{B91EAAB0-D125-491D-B56A-023E1E67D85E}.Debug|Any CPU.ActiveCfg = Debug|Any CPU
		{B91EAAB0-D125-491D-B56A-023E1E67D85E}.Debug|Any CPU.Build.0 = Debug|Any CPU
		{B91EAAB0-D125-491D-B56A-023E1E67D85E}.Debug|x64.ActiveCfg = Debug|Any CPU
		{B91EAAB0-D125-491D-B56A-023E1E67D85E}.Debug|x64.Build.0 = Debug|Any CPU
		{B91EAAB0-D125-491D-B56A-023E1E67D85E}.Debug|x86.ActiveCfg = Debug|Any CPU
		{B91EAAB0-D125-491D-B56A-023E1E67D85E}.Debug|x86.Build.0 = Debug|Any CPU
		{B91EAAB0-D125-491D-B56A-023E1E67D85E}.Release|Any CPU.ActiveCfg = Release|Any CPU
		{B91EAAB0-D125-491D-B56A-023E1E67D85E}.Release|Any CPU.Build.0 = Release|Any CPU
		{B91EAAB0-D125-491D-B56A-023E1E67D85E}.Release|x64.ActiveCfg = Release|Any CPU
		{B91EAAB0-D125-491D-B56A-023E1E67D85E}.Release|x64.Build.0 = Release|Any CPU
		{B91EAAB0-D125-491D-B56A-023E1E67D85E}.Release|x86.ActiveCfg = Release|Any CPU
		{B91EAAB0-D125-491D-B56A-023E1E67D85E}.Release|x86.Build.0 = Release|Any CPU
		{426217BC-1C6A-4327-B095-DD77D254B6D0}.Debug|Any CPU.ActiveCfg = Debug|Any CPU
		{426217BC-1C6A-4327-B095-DD77D254B6D0}.Debug|Any CPU.Build.0 = Debug|Any CPU
		{426217BC-1C6A-4327-B095-DD77D254B6D0}.Debug|x64.ActiveCfg = Debug|Any CPU
		{426217BC-1C6A-4327-B095-DD77D254B6D0}.Debug|x64.Build.0 = Debug|Any CPU
		{426217BC-1C6A-4327-B095-DD77D254B6D0}.Debug|x86.ActiveCfg = Debug|Any CPU
		{426217BC-1C6A-4327-B095-DD77D254B6D0}.Debug|x86.Build.0 = Debug|Any CPU
		{426217BC-1C6A-4327-B095-DD77D254B6D0}.Release|Any CPU.ActiveCfg = Release|Any CPU
		{426217BC-1C6A-4327-B095-DD77D254B6D0}.Release|Any CPU.Build.0 = Release|Any CPU
		{426217BC-1C6A-4327-B095-DD77D254B6D0}.Release|x64.ActiveCfg = Release|Any CPU
		{426217BC-1C6A-4327-B095-DD77D254B6D0}.Release|x64.Build.0 = Release|Any CPU
		{426217BC-1C6A-4327-B095-DD77D254B6D0}.Release|x86.ActiveCfg = Release|Any CPU
		{426217BC-1C6A-4327-B095-DD77D254B6D0}.Release|x86.Build.0 = Release|Any CPU
		{91D1F6B0-3B1A-476C-86A0-4FA056BCF5DD}.Debug|Any CPU.ActiveCfg = Debug|Any CPU
		{91D1F6B0-3B1A-476C-86A0-4FA056BCF5DD}.Debug|Any CPU.Build.0 = Debug|Any CPU
		{91D1F6B0-3B1A-476C-86A0-4FA056BCF5DD}.Debug|x64.ActiveCfg = Debug|Any CPU
		{91D1F6B0-3B1A-476C-86A0-4FA056BCF5DD}.Debug|x64.Build.0 = Debug|Any CPU
		{91D1F6B0-3B1A-476C-86A0-4FA056BCF5DD}.Debug|x86.ActiveCfg = Debug|Any CPU
		{91D1F6B0-3B1A-476C-86A0-4FA056BCF5DD}.Debug|x86.Build.0 = Debug|Any CPU
		{91D1F6B0-3B1A-476C-86A0-4FA056BCF5DD}.Release|Any CPU.ActiveCfg = Release|Any CPU
		{91D1F6B0-3B1A-476C-86A0-4FA056BCF5DD}.Release|Any CPU.Build.0 = Release|Any CPU
		{91D1F6B0-3B1A-476C-86A0-4FA056BCF5DD}.Release|x64.ActiveCfg = Release|Any CPU
		{91D1F6B0-3B1A-476C-86A0-4FA056BCF5DD}.Release|x64.Build.0 = Release|Any CPU
		{91D1F6B0-3B1A-476C-86A0-4FA056BCF5DD}.Release|x86.ActiveCfg = Release|Any CPU
		{91D1F6B0-3B1A-476C-86A0-4FA056BCF5DD}.Release|x86.Build.0 = Release|Any CPU
		{E8C5022B-9292-4D3A-94A5-FF8120BB3A97}.Debug|Any CPU.ActiveCfg = Debug|Any CPU
		{E8C5022B-9292-4D3A-94A5-FF8120BB3A97}.Debug|Any CPU.Build.0 = Debug|Any CPU
		{E8C5022B-9292-4D3A-94A5-FF8120BB3A97}.Debug|x64.ActiveCfg = Debug|Any CPU
		{E8C5022B-9292-4D3A-94A5-FF8120BB3A97}.Debug|x64.Build.0 = Debug|Any CPU
		{E8C5022B-9292-4D3A-94A5-FF8120BB3A97}.Debug|x86.ActiveCfg = Debug|Any CPU
		{E8C5022B-9292-4D3A-94A5-FF8120BB3A97}.Debug|x86.Build.0 = Debug|Any CPU
		{E8C5022B-9292-4D3A-94A5-FF8120BB3A97}.Release|Any CPU.ActiveCfg = Release|Any CPU
		{E8C5022B-9292-4D3A-94A5-FF8120BB3A97}.Release|Any CPU.Build.0 = Release|Any CPU
		{E8C5022B-9292-4D3A-94A5-FF8120BB3A97}.Release|x64.ActiveCfg = Release|Any CPU
		{E8C5022B-9292-4D3A-94A5-FF8120BB3A97}.Release|x64.Build.0 = Release|Any CPU
		{E8C5022B-9292-4D3A-94A5-FF8120BB3A97}.Release|x86.ActiveCfg = Release|Any CPU
		{E8C5022B-9292-4D3A-94A5-FF8120BB3A97}.Release|x86.Build.0 = Release|Any CPU
		{21CC12BB-1F15-4640-888E-6532440D79DD}.Debug|Any CPU.ActiveCfg = Debug|Any CPU
		{21CC12BB-1F15-4640-888E-6532440D79DD}.Debug|Any CPU.Build.0 = Debug|Any CPU
		{21CC12BB-1F15-4640-888E-6532440D79DD}.Debug|x64.ActiveCfg = Debug|Any CPU
		{21CC12BB-1F15-4640-888E-6532440D79DD}.Debug|x64.Build.0 = Debug|Any CPU
		{21CC12BB-1F15-4640-888E-6532440D79DD}.Debug|x86.ActiveCfg = Debug|Any CPU
		{21CC12BB-1F15-4640-888E-6532440D79DD}.Debug|x86.Build.0 = Debug|Any CPU
		{21CC12BB-1F15-4640-888E-6532440D79DD}.Release|Any CPU.ActiveCfg = Release|Any CPU
		{21CC12BB-1F15-4640-888E-6532440D79DD}.Release|Any CPU.Build.0 = Release|Any CPU
		{21CC12BB-1F15-4640-888E-6532440D79DD}.Release|x64.ActiveCfg = Release|Any CPU
		{21CC12BB-1F15-4640-888E-6532440D79DD}.Release|x64.Build.0 = Release|Any CPU
		{21CC12BB-1F15-4640-888E-6532440D79DD}.Release|x86.ActiveCfg = Release|Any CPU
		{21CC12BB-1F15-4640-888E-6532440D79DD}.Release|x86.Build.0 = Release|Any CPU
		{15E4D4C6-678A-40B9-9494-F3C0863C22CB}.Debug|Any CPU.ActiveCfg = Debug|Any CPU
		{15E4D4C6-678A-40B9-9494-F3C0863C22CB}.Debug|Any CPU.Build.0 = Debug|Any CPU
		{15E4D4C6-678A-40B9-9494-F3C0863C22CB}.Debug|x64.ActiveCfg = Debug|Any CPU
		{15E4D4C6-678A-40B9-9494-F3C0863C22CB}.Debug|x64.Build.0 = Debug|Any CPU
		{15E4D4C6-678A-40B9-9494-F3C0863C22CB}.Debug|x86.ActiveCfg = Debug|Any CPU
		{15E4D4C6-678A-40B9-9494-F3C0863C22CB}.Debug|x86.Build.0 = Debug|Any CPU
		{15E4D4C6-678A-40B9-9494-F3C0863C22CB}.Release|Any CPU.ActiveCfg = Release|Any CPU
		{15E4D4C6-678A-40B9-9494-F3C0863C22CB}.Release|Any CPU.Build.0 = Release|Any CPU
		{15E4D4C6-678A-40B9-9494-F3C0863C22CB}.Release|x64.ActiveCfg = Release|Any CPU
		{15E4D4C6-678A-40B9-9494-F3C0863C22CB}.Release|x64.Build.0 = Release|Any CPU
		{15E4D4C6-678A-40B9-9494-F3C0863C22CB}.Release|x86.ActiveCfg = Release|Any CPU
		{15E4D4C6-678A-40B9-9494-F3C0863C22CB}.Release|x86.Build.0 = Release|Any CPU
		{0815D2E0-6F93-4E09-BED0-ED0345A5CED9}.Debug|Any CPU.ActiveCfg = Debug|Any CPU
		{0815D2E0-6F93-4E09-BED0-ED0345A5CED9}.Debug|Any CPU.Build.0 = Debug|Any CPU
		{0815D2E0-6F93-4E09-BED0-ED0345A5CED9}.Debug|x64.ActiveCfg = Debug|Any CPU
		{0815D2E0-6F93-4E09-BED0-ED0345A5CED9}.Debug|x64.Build.0 = Debug|Any CPU
		{0815D2E0-6F93-4E09-BED0-ED0345A5CED9}.Debug|x86.ActiveCfg = Debug|Any CPU
		{0815D2E0-6F93-4E09-BED0-ED0345A5CED9}.Debug|x86.Build.0 = Debug|Any CPU
		{0815D2E0-6F93-4E09-BED0-ED0345A5CED9}.Release|Any CPU.ActiveCfg = Release|Any CPU
		{0815D2E0-6F93-4E09-BED0-ED0345A5CED9}.Release|Any CPU.Build.0 = Release|Any CPU
		{0815D2E0-6F93-4E09-BED0-ED0345A5CED9}.Release|x64.ActiveCfg = Release|Any CPU
		{0815D2E0-6F93-4E09-BED0-ED0345A5CED9}.Release|x64.Build.0 = Release|Any CPU
		{0815D2E0-6F93-4E09-BED0-ED0345A5CED9}.Release|x86.ActiveCfg = Release|Any CPU
		{0815D2E0-6F93-4E09-BED0-ED0345A5CED9}.Release|x86.Build.0 = Release|Any CPU
		{4AE5ED37-7416-4BE1-83A0-88DA60A9CF72}.Debug|Any CPU.ActiveCfg = Debug|Any CPU
		{4AE5ED37-7416-4BE1-83A0-88DA60A9CF72}.Debug|Any CPU.Build.0 = Debug|Any CPU
		{4AE5ED37-7416-4BE1-83A0-88DA60A9CF72}.Debug|x64.ActiveCfg = Debug|Any CPU
		{4AE5ED37-7416-4BE1-83A0-88DA60A9CF72}.Debug|x64.Build.0 = Debug|Any CPU
		{4AE5ED37-7416-4BE1-83A0-88DA60A9CF72}.Debug|x86.ActiveCfg = Debug|Any CPU
		{4AE5ED37-7416-4BE1-83A0-88DA60A9CF72}.Debug|x86.Build.0 = Debug|Any CPU
		{4AE5ED37-7416-4BE1-83A0-88DA60A9CF72}.Release|Any CPU.ActiveCfg = Release|Any CPU
		{4AE5ED37-7416-4BE1-83A0-88DA60A9CF72}.Release|Any CPU.Build.0 = Release|Any CPU
		{4AE5ED37-7416-4BE1-83A0-88DA60A9CF72}.Release|x64.ActiveCfg = Release|Any CPU
		{4AE5ED37-7416-4BE1-83A0-88DA60A9CF72}.Release|x64.Build.0 = Release|Any CPU
		{4AE5ED37-7416-4BE1-83A0-88DA60A9CF72}.Release|x86.ActiveCfg = Release|Any CPU
		{4AE5ED37-7416-4BE1-83A0-88DA60A9CF72}.Release|x86.Build.0 = Release|Any CPU
	EndGlobalSection
	GlobalSection(SolutionProperties) = preSolution
		HideSolutionNode = FALSE
	EndGlobalSection
	GlobalSection(NestedProjects) = preSolution
		{426217BC-1C6A-4327-B095-DD77D254B6D0} = {4CC61C35-EDDF-4BA5-A11C-2E7543B3FBF7}
		{27C1D474-A51A-4918-A03C-3A565180A166} = {4CC61C35-EDDF-4BA5-A11C-2E7543B3FBF7}
		{91D1F6B0-3B1A-476C-86A0-4FA056BCF5DD} = {27C1D474-A51A-4918-A03C-3A565180A166}
		{E8C5022B-9292-4D3A-94A5-FF8120BB3A97} = {4CC61C35-EDDF-4BA5-A11C-2E7543B3FBF7}
		{21CC12BB-1F15-4640-888E-6532440D79DD} = {27C1D474-A51A-4918-A03C-3A565180A166}
		{15E4D4C6-678A-40B9-9494-F3C0863C22CB} = {27C1D474-A51A-4918-A03C-3A565180A166}
		{0815D2E0-6F93-4E09-BED0-ED0345A5CED9} = {27C1D474-A51A-4918-A03C-3A565180A166}
		{4AE5ED37-7416-4BE1-83A0-88DA60A9CF72} = {27C1D474-A51A-4918-A03C-3A565180A166}
	EndGlobalSection
EndGlobal
