
Microsoft Visual Studio Solution File, Format Version 12.00
# Visual Studio Version 17
VisualStudioVersion = 17.0.31903.59
MinimumVisualStudioVersion = 10.0.40219.1
Project("{FAE04EC0-301F-11D3-BF4B-00C04F79EFBC}") = "00_Basics", "00_Basics\00_Basics.csproj", "{73DC13E8-D4D9-4740-9B62-669905D2A4ED}"
EndProject
Project("{FAE04EC0-301F-11D3-BF4B-00C04F79EFBC}") = "00_Exercises", "00_Exercises\00_Exercises.csproj", "{B91EAAB0-D125-491D-B56A-023E1E67D85E}"
EndProject
Project("{FAE04EC0-301F-11D3-BF4B-00C04F79EFBC}") = "01_OOP", "01_OOP\01_OOP.csproj", "{426217BC-1C6A-4327-B095-DD77D254B6D0}"
EndProject
Project("{FAE04EC0-301F-11D3-BF4B-00C04F79EFBC}") = "03_Textadventure", "01_OOP\03_Textadventure\03_Textadventure.csproj", "{F59EC493-AF8C-41A7-9F4E-849F02DA1E09}"
EndProject
Project("{2150E333-8FDC-42A3-9474-1A3956D46DE8}") = "01_OOP", "01_OOP", "{4CC61C35-EDDF-4BA5-A11C-2E7543B3FBF7}"
EndProject
Project("{2150E333-8FDC-42A3-9474-1A3956D46DE8}") = "01_OOP_Excercises", "01_OOP_Excercises", "{1E065ED5-D827-4E33-869E-6BF153063668}"
EndProject
Project("{2150E333-8FDC-42A3-9474-1A3956D46DE8}") = "01_KonstoSystem", "01_KonstoSystem", "{3D828290-2453-487A-857B-2662B629F528}"
EndProject
Project("{FAE04EC0-301F-11D3-BF4B-00C04F79EFBC}") = "01_Kontosystem", "01_OOP\01_OOP_Excercises\01_KonstoSystem\01_Kontosystem\01_Kontosystem.csproj", "{E38739CA-D09E-47F4-B63C-D0300135DE36}"
EndProject
Global
	GlobalSection(SolutionConfigurationPlatforms) = preSolution
		Debug|Any CPU = Debug|Any CPU
		Debug|x64 = Debug|x64
		Debug|x86 = Debug|x86
		Release|Any CPU = Release|Any CPU
		Release|x64 = Release|x64
		Release|x86 = Release|x86
	EndGlobalSection
	GlobalSection(ProjectConfigurationPlatforms) = postSolution
		{73DC13E8-D4D9-4740-9B62-669905D2A4ED}.Debug|Any CPU.ActiveCfg = Debug|Any CPU
		{73DC13E8-D4D9-4740-9B62-669905D2A4ED}.Debug|Any CPU.Build.0 = Debug|Any CPU
		{73DC13E8-D4D9-4740-9B62-669905D2A4ED}.Debug|x64.ActiveCfg = Debug|Any CPU
		{73DC13E8-D4D9-4740-9B62-669905D2A4ED}.Debug|x64.Build.0 = Debug|Any CPU
		{73DC13E8-D4D9-4740-9B62-669905D2A4ED}.Debug|x86.ActiveCfg = Debug|Any CPU
		{73DC13E8-D4D9-4740-9B62-669905D2A4ED}.Debug|x86.Build.0 = Debug|Any CPU
		{73DC13E8-D4D9-4740-9B62-669905D2A4ED}.Release|Any CPU.ActiveCfg = Release|Any CPU
		{73DC13E8-D4D9-4740-9B62-669905D2A4ED}.Release|Any CPU.Build.0 = Release|Any CPU
		{73DC13E8-D4D9-4740-9B62-669905D2A4ED}.Release|x64.ActiveCfg = Release|Any CPU
		{73DC13E8-D4D9-4740-9B62-669905D2A4ED}.Release|x64.Build.0 = Release|Any CPU
		{73DC13E8-D4D9-4740-9B62-669905D2A4ED}.Release|x86.ActiveCfg = Release|Any CPU
		{73DC13E8-D4D9-4740-9B62-669905D2A4ED}.Release|x86.Build.0 = Release|Any CPU
		{B91EAAB0-D125-491D-B56A-023E1E67D85E}.Debug|Any CPU.ActiveCfg = Debug|Any CPU
		{B91EAAB0-D125-491D-B56A-023E1E67D85E}.Debug|Any CPU.Build.0 = Debug|Any CPU
		{B91EAAB0-D125-491D-B56A-023E1E67D85E}.Debug|x64.ActiveCfg = Debug|Any CPU
		{B91EAAB0-D125-491D-B56A-023E1E67D85E}.Debug|x64.Build.0 = Debug|Any CPU
		{B91EAAB0-D125-491D-B56A-023E1E67D85E}.Debug|x86.ActiveCfg = Debug|Any CPU
		{B91EAAB0-D125-491D-B56A-023E1E67D85E}.Debug|x86.Build.0 = Debug|Any CPU
		{B91EAAB0-D125-491D-B56A-023E1E67D85E}.Release|Any CPU.ActiveCfg = Release|Any CPU
		{B91EAAB0-D125-491D-B56A-023E1E67D85E}.Release|Any CPU.Build.0 = Release|Any CPU
		{B91EAAB0-D125-491D-B56A-023E1E67D85E}.Release|x64.ActiveCfg = Release|Any CPU
		{B91EAAB0-D125-491D-B56A-023E1E67D85E}.Release|x64.Build.0 = Release|Any CPU
		{B91EAAB0-D125-491D-B56A-023E1E67D85E}.Release|x86.ActiveCfg = Release|Any CPU
		{B91EAAB0-D125-491D-B56A-023E1E67D85E}.Release|x86.Build.0 = Release|Any CPU
		{426217BC-1C6A-4327-B095-DD77D254B6D0}.Debug|Any CPU.ActiveCfg = Debug|Any CPU
		{426217BC-1C6A-4327-B095-DD77D254B6D0}.Debug|Any CPU.Build.0 = Debug|Any CPU
		{426217BC-1C6A-4327-B095-DD77D254B6D0}.Debug|x64.ActiveCfg = Debug|Any CPU
		{426217BC-1C6A-4327-B095-DD77D254B6D0}.Debug|x64.Build.0 = Debug|Any CPU
		{426217BC-1C6A-4327-B095-DD77D254B6D0}.Debug|x86.ActiveCfg = Debug|Any CPU
		{426217BC-1C6A-4327-B095-DD77D254B6D0}.Debug|x86.Build.0 = Debug|Any CPU
		{426217BC-1C6A-4327-B095-DD77D254B6D0}.Release|Any CPU.ActiveCfg = Release|Any CPU
		{426217BC-1C6A-4327-B095-DD77D254B6D0}.Release|Any CPU.Build.0 = Release|Any CPU
		{426217BC-1C6A-4327-B095-DD77D254B6D0}.Release|x64.ActiveCfg = Release|Any CPU
		{426217BC-1C6A-4327-B095-DD77D254B6D0}.Release|x64.Build.0 = Release|Any CPU
		{426217BC-1C6A-4327-B095-DD77D254B6D0}.Release|x86.ActiveCfg = Release|Any CPU
		{426217BC-1C6A-4327-B095-DD77D254B6D0}.Release|x86.Build.0 = Release|Any CPU
		{F59EC493-AF8C-41A7-9F4E-849F02DA1E09}.Debug|Any CPU.ActiveCfg = Debug|Any CPU
		{F59EC493-AF8C-41A7-9F4E-849F02DA1E09}.Debug|Any CPU.Build.0 = Debug|Any CPU
		{F59EC493-AF8C-41A7-9F4E-849F02DA1E09}.Debug|x64.ActiveCfg = Debug|Any CPU
		{F59EC493-AF8C-41A7-9F4E-849F02DA1E09}.Debug|x64.Build.0 = Debug|Any CPU
		{F59EC493-AF8C-41A7-9F4E-849F02DA1E09}.Debug|x86.ActiveCfg = Debug|Any CPU
		{F59EC493-AF8C-41A7-9F4E-849F02DA1E09}.Debug|x86.Build.0 = Debug|Any CPU
		{F59EC493-AF8C-41A7-9F4E-849F02DA1E09}.Release|Any CPU.ActiveCfg = Release|Any CPU
		{F59EC493-AF8C-41A7-9F4E-849F02DA1E09}.Release|Any CPU.Build.0 = Release|Any CPU
		{F59EC493-AF8C-41A7-9F4E-849F02DA1E09}.Release|x64.ActiveCfg = Release|Any CPU
		{F59EC493-AF8C-41A7-9F4E-849F02DA1E09}.Release|x64.Build.0 = Release|Any CPU
		{F59EC493-AF8C-41A7-9F4E-849F02DA1E09}.Release|x86.ActiveCfg = Release|Any CPU
		{F59EC493-AF8C-41A7-9F4E-849F02DA1E09}.Release|x86.Build.0 = Release|Any CPU
		{E38739CA-D09E-47F4-B63C-D0300135DE36}.Debug|Any CPU.ActiveCfg = Debug|Any CPU
		{E38739CA-D09E-47F4-B63C-D0300135DE36}.Debug|Any CPU.Build.0 = Debug|Any CPU
		{E38739CA-D09E-47F4-B63C-D0300135DE36}.Debug|x64.ActiveCfg = Debug|Any CPU
		{E38739CA-D09E-47F4-B63C-D0300135DE36}.Debug|x64.Build.0 = Debug|Any CPU
		{E38739CA-D09E-47F4-B63C-D0300135DE36}.Debug|x86.ActiveCfg = Debug|Any CPU
		{E38739CA-D09E-47F4-B63C-D0300135DE36}.Debug|x86.Build.0 = Debug|Any CPU
		{E38739CA-D09E-47F4-B63C-D0300135DE36}.Release|Any CPU.ActiveCfg = Release|Any CPU
		{E38739CA-D09E-47F4-B63C-D0300135DE36}.Release|Any CPU.Build.0 = Release|Any CPU
		{E38739CA-D09E-47F4-B63C-D0300135DE36}.Release|x64.ActiveCfg = Release|Any CPU
		{E38739CA-D09E-47F4-B63C-D0300135DE36}.Release|x64.Build.0 = Release|Any CPU
		{E38739CA-D09E-47F4-B63C-D0300135DE36}.Release|x86.ActiveCfg = Release|Any CPU
		{E38739CA-D09E-47F4-B63C-D0300135DE36}.Release|x86.Build.0 = Release|Any CPU
	EndGlobalSection
	GlobalSection(SolutionProperties) = preSolution
		HideSolutionNode = FALSE
	EndGlobalSection
	GlobalSection(NestedProjects) = preSolution
		{F59EC493-AF8C-41A7-9F4E-849F02DA1E09} = {75486435-FE0E-F4DF-877E-FD1F36CD4F57}
		{426217BC-1C6A-4327-B095-DD77D254B6D0} = {4CC61C35-EDDF-4BA5-A11C-2E7543B3FBF7}
		{1E065ED5-D827-4E33-869E-6BF153063668} = {4CC61C35-EDDF-4BA5-A11C-2E7543B3FBF7}
		{3D828290-2453-487A-857B-2662B629F528} = {1E065ED5-D827-4E33-869E-6BF153063668}
		{E38739CA-D09E-47F4-B63C-D0300135DE36} = {3D828290-2453-487A-857B-2662B629F528}
	EndGlobalSection
EndGlobal
